
Microsoft Visual Studio Solution File, Format Version 12.00
# Visual Studio Version 16
VisualStudioVersion = 16.0.30523.141
MinimumVisualStudioVersion = 10.0.40219.1
Project("{FAE04EC0-301F-11D3-BF4B-00C04F79EFBC}") = "RastgeleSayi", "RastgeleSayi\RastgeleSayi.csproj", "{B96378ED-57B9-4B6C-8B13-4734467C1CD2}"
EndProject
Global
	GlobalSection(SolutionConfigurationPlatforms) = preSolution
		Debug|Any CPU = Debug|Any CPU
		Release|Any CPU = Release|Any CPU
	EndGlobalSection
	GlobalSection(ProjectConfigurationPlatforms) = postSolution
		{B96378ED-57B9-4B6C-8B13-4734467C1CD2}.Debug|Any CPU.ActiveCfg = Debug|Any CPU
		{B96378ED-57B9-4B6C-8B13-4734467C1CD2}.Debug|Any CPU.Build.0 = Debug|Any CPU
		{B96378ED-57B9-4B6C-8B13-4734467C1CD2}.Release|Any CPU.ActiveCfg = Release|Any CPU
		{B96378ED-57B9-4B6C-8B13-4734467C1CD2}.Release|Any CPU.Build.0 = Release|Any CPU
	EndGlobalSection
	GlobalSection(SolutionProperties) = preSolution
		HideSolutionNode = FALSE
	EndGlobalSection
	GlobalSection(ExtensibilityGlobals) = postSolution
		SolutionGuid = {D6460BA0-0F0A-4451-A85D-AA33AB33F706}
	EndGlobalSection
EndGlobal
